
Microsoft Visual Studio Solution File, Format Version 12.00
# Visual Studio Version 17
VisualStudioVersion = 17.6.33815.320
MinimumVisualStudioVersion = 10.0.40219.1
Project("{FAE04EC0-301F-11D3-BF4B-00C04F79EFBC}") = "HTTP", "HTTP.csproj", "{BC073DE7-4A8E-4672-867C-15E526A1F5A9}"
EndProject
Global
	GlobalSection(SolutionConfigurationPlatforms) = preSolution
		Debug|Any CPU = Debug|Any CPU
		Release|Any CPU = Release|Any CPU
	EndGlobalSection
	GlobalSection(ProjectConfigurationPlatforms) = postSolution
		{BC073DE7-4A8E-4672-867C-15E526A1F5A9}.Debug|Any CPU.ActiveCfg = Debug|Any CPU
		{BC073DE7-4A8E-4672-867C-15E526A1F5A9}.Debug|Any CPU.Build.0 = Debug|Any CPU
		{BC073DE7-4A8E-4672-867C-15E526A1F5A9}.Release|Any CPU.ActiveCfg = Release|Any CPU
		{BC073DE7-4A8E-4672-867C-15E526A1F5A9}.Release|Any CPU.Build.0 = Release|Any CPU
	EndGlobalSection
	GlobalSection(SolutionProperties) = preSolution
		HideSolutionNode = FALSE
	EndGlobalSection
	GlobalSection(ExtensibilityGlobals) = postSolution
		SolutionGuid = {CC46FF43-6CA0-471A-9390-63D4F9640DD1}
	EndGlobalSection
EndGlobal
