
Microsoft Visual Studio Solution File, Format Version 12.00
# Visual Studio Version 17
VisualStudioVersion = 17.5.33530.505
MinimumVisualStudioVersion = 10.0.40219.1
Project("{FAE04EC0-301F-11D3-BF4B-00C04F79EFBC}") = "StringOperations", "StringOperations.csproj", "{D753088F-AF86-4AFA-B903-5F18A6E41F74}"
EndProject
Global
	GlobalSection(SolutionConfigurationPlatforms) = preSolution
		Debug|Any CPU = Debug|Any CPU
		Release|Any CPU = Release|Any CPU
	EndGlobalSection
	GlobalSection(ProjectConfigurationPlatforms) = postSolution
		{D753088F-AF86-4AFA-B903-5F18A6E41F74}.Debug|Any CPU.ActiveCfg = Debug|Any CPU
		{D753088F-AF86-4AFA-B903-5F18A6E41F74}.Debug|Any CPU.Build.0 = Debug|Any CPU
		{D753088F-AF86-4AFA-B903-5F18A6E41F74}.Release|Any CPU.ActiveCfg = Release|Any CPU
		{D753088F-AF86-4AFA-B903-5F18A6E41F74}.Release|Any CPU.Build.0 = Release|Any CPU
	EndGlobalSection
	GlobalSection(SolutionProperties) = preSolution
		HideSolutionNode = FALSE
	EndGlobalSection
	GlobalSection(ExtensibilityGlobals) = postSolution
		SolutionGuid = {25462FD9-5801-44A5-888C-BBAD05F7B27F}
	EndGlobalSection
EndGlobal
